dependencies:
- name: blue-green-microservice
  repository: https://chartmuseum.rnd.hutchison-rnd.co.uk
  version: 0.11.35
- name: microservice
  repository: https://chartmuseum.rnd.hutchison-rnd.co.uk
  version: 0.3.45
digest: sha256:24766c346ae9aa260b92a56c9b89fbf80a16842d7e119d03bfd467d5bada6ae6
generated: "2021-07-19T15:11:07.851981+01:00"
